// !$*UTF8*$!
{
	archiveVersion = 1;
	classes = {
	};
	objectVersion = 51;
	objects = {

/* Begin PBXBuildFile section */
		BDB6E7992350589700C95C75 /* WebViewController.swift in Sources */ = {isa = PBXBuildFile; fileRef = BDB6E7982350589700C95C75 /* WebViewController.swift */; };
		BDDA593D234F07280040AE08 /* AppDelegate.swift in Sources */ = {isa = PBXBuildFile; fileRef = BDDA593C234F07280040AE08 /* AppDelegate.swift */; };
		BDDA593F234F07280040AE08 /* SceneDelegate.swift in Sources */ = {isa = PBXBuildFile; fileRef = BDDA593E234F07280040AE08 /* SceneDelegate.swift */; };
		BDDA5941234F07280040AE08 /* ViewController.swift in Sources */ = {isa = PBXBuildFile; fileRef = BDDA5940234F07280040AE08 /* ViewController.swift */; };
		BDDA5944234F07280040AE08 /* Main.storyboard in Resources */ = {isa = PBXBuildFile; fileRef = BDDA5942234F07280040AE08 /* Main.storyboard */; };
		BDDA5946234F072F0040AE08 /* Assets.xcassets in Resources */ = {isa = PBXBuildFile; fileRef = BDDA5945234F072F0040AE08 /* Assets.xcassets */; };
		BDDA5949234F072F0040AE08 /* LaunchScreen.storyboard in Resources */ = {isa = PBXBuildFile; fileRef = BDDA5947234F072F0040AE08 /* LaunchScreen.storyboard */; };
		D96E6FE576D3FFE537A77328 /* Pods_20191010_001.framework in Frameworks */ = {isa = PBXBuildFile; fileRef = C751FEA5F6B930592ED94503 /* Pods_20191010_001.framework */; };
/* End PBXBuildFile section */

/* Begin PBXFileReference section */
		151DC1F596D8BA06562AFADA /* Pods-20191010-001.release.xcconfig */ = {isa = PBXFileReference; includeInIndex = 1; lastKnownFileType = text.xcconfig; name = "Pods-20191010-001.release.xcconfig"; path = "Target Support Files/Pods-20191010-001/Pods-20191010-001.release.xcconfig"; sourceTree = "<group>"; };
		B2D34CAF22E13E90248068DF /* Pods-20191010-001.debug.xcconfig */ = {isa = PBXFileReference; includeInIndex = 1; lastKnownFileType = text.xcconfig; name = "Pods-20191010-001.debug.xcconfig"; path = "Target Support Files/Pods-20191010-001/Pods-20191010-001.debug.xcconfig"; sourceTree = "<group>"; };
		BDB6E7982350589700C95C75 /* WebViewController.swift */ = {isa = PBXFileReference; lastKnownFileType = sourcecode.swift; path = WebViewController.swift; sourceTree = "<group>"; };
		BDDA5939234F07280040AE08 /* 20191010-001.app */ = {isa = PBXFileReference; explicitFileType = wrapper.application; includeInIndex = 0; path = "20191010-001.app"; sourceTree = BUILT_PRODUCTS_DIR; };
		BDDA593C234F07280040AE08 /* AppDelegate.swift */ = {isa = PBXFileReference; lastKnownFileType = sourcecode.swift; path = AppDelegate.swift; sourceTree = "<group>"; };
		BDDA593E234F07280040AE08 /* SceneDelegate.swift */ = {isa = PBXFileReference; lastKnownFileType = sourcecode.swift; path = SceneDelegate.swift; sourceTree = "<group>"; };
		BDDA5940234F07280040AE08 /* ViewController.swift */ = {isa = PBXFileReference; lastKnownFileType = sourcecode.swift; path = ViewController.swift; sourceTree = "<group>"; };
		BDDA5943234F07280040AE08 /* Base */ = {isa = PBXFileReference; lastKnownFileType = file.storyboard; name = Base; path = Base.lproj/Main.storyboard; sourceTree = "<group>"; };
		BDDA5945234F072F0040AE08 /* Assets.xcassets */ = {isa = PBXFileReference; lastKnownFileType = folder.assetcatalog; path = Assets.xcassets; sourceTree = "<group>"; };
		BDDA5948234F072F0040AE08 /* Base */ = {isa = PBXFileReference; lastKnownFileType = file.storyboard; name = Base; path = Base.lproj/LaunchScreen.storyboard; sourceTree = "<group>"; };
		BDDA594A234F072F0040AE08 /* Info.plist */ = {isa = PBXFileReference; lastKnownFileType = text.plist.xml; path = Info.plist; sourceTree = "<group>"; };
		C751FEA5F6B930592ED94503 /* Pods_20191010_001.framework */ = {isa = PBXFileReference; explicitFileType = wrapper.framework; includeInIndex = 0; path = Pods_20191010_001.framework; sourceTree = BUILT_PRODUCTS_DIR; };
/* End PBXFileReference section */

/* Begin PBXFrameworksBuildPhase section */
		BDDA5936234F07280040AE08 /* Frameworks */ = {
			isa = PBXFrameworksBuildPhase;
			buildActionMask = 2147483647;
			files = (
				D96E6FE576D3FFE537A77328 /* Pods_20191010_001.framework in Frameworks */,
			);
			runOnlyForDeploymentPostprocessing = 0;
		};
/* End PBXFrameworksBuildPhase section */

/* Begin PBXGroup section */
		150789A5BBFDFB32915DC043 /* Frameworks */ = {
			isa = PBXGroup;
			children = (
				C751FEA5F6B930592ED94503 /* Pods_20191010_001.framework */,
			);
			name = Frameworks;
			sourceTree = "<group>";
		};
		948B36B9C5DDC418FA29A92D /* Pods */ = {
			isa = PBXGroup;
			children = (
				B2D34CAF22E13E90248068DF /* Pods-20191010-001.debug.xcconfig */,
				151DC1F596D8BA06562AFADA /* Pods-20191010-001.release.xcconfig */,
			);
			path = Pods;
			sourceTree = "<group>";
		};
		BDDA5930234F07280040AE08 = {
			isa = PBXGroup;
			children = (
				BDDA593B234F07280040AE08 /* 20191010-001 */,
				BDDA593A234F07280040AE08 /* Products */,
				948B36B9C5DDC418FA29A92D /* Pods */,
				150789A5BBFDFB32915DC043 /* Frameworks */,
			);
			sourceTree = "<group>";
		};
		BDDA593A234F07280040AE08 /* Products */ = {
			isa = PBXGroup;
			children = (
				BDDA5939234F07280040AE08 /* 20191010-001.app */,
			);
			name = Products;
			sourceTree = "<group>";
		};
		BDDA593B234F07280040AE08 /* 20191010-001 */ = {
			isa = PBXGroup;
			children = (
				BDDA593C234F07280040AE08 /* AppDelegate.swift */,
				BDDA593E234F07280040AE08 /* SceneDelegate.swift */,
				BDDA5940234F07280040AE08 /* ViewController.swift */,
				BDB6E7982350589700C95C75 /* WebViewController.swift */,
				BDDA5942234F07280040AE08 /* Main.storyboard */,
				BDDA5945234F072F0040AE08 /* Assets.xcassets */,
				BDDA5947234F072F0040AE08 /* LaunchScreen.storyboard */,
				BDDA594A234F072F0040AE08 /* Info.plist */,
			);
			path = "20191010-001";
			sourceTree = "<group>";
		};
/* End PBXGroup section */

/* Begin PBXNativeTarget section */
		BDDA5938234F07280040AE08 /* 20191010-001 */ = {
			isa = PBXNativeTarget;
			buildConfigurationList = BDDA594D234F072F0040AE08 /* Build configuration list for PBXNativeTarget "20191010-001" */;
			buildPhases = (
				B8E6B8907C03262969DC0162 /* [CP] Check Pods Manifest.lock */,
				FC4E38F88DEDF2C023B56EB2 /* [CP-User] Run Flutter Build Script */,
				BDDA5935234F07280040AE08 /* Sources */,
				BDDA5936234F07280040AE08 /* Frameworks */,
				BDDA5937234F07280040AE08 /* Resources */,
				9734E60836C6E54BF70790CC /* [CP] Embed Pods Frameworks */,
			);
			buildRules = (
			);
			dependencies = (
			);
			name = "20191010-001";
			productName = "20191010-001";
			productReference = BDDA5939234F07280040AE08 /* 20191010-001.app */;
			productType = "com.apple.product-type.application";
		};
/* End PBXNativeTarget section */

/* Begin PBXProject section */
		BDDA5931234F07280040AE08 /* Project object */ = {
			isa = PBXProject;
			attributes = {
				LastSwiftUpdateCheck = 1110;
				LastUpgradeCheck = 1110;
				ORGANIZATIONNAME = dongouc;
				TargetAttributes = {
					BDDA5938234F07280040AE08 = {
						CreatedOnToolsVersion = 11.1;
					};
				};
			};
			buildConfigurationList = BDDA5934234F07280040AE08 /* Build configuration list for PBXProject "20191010-001" */;
			compatibilityVersion = "Xcode 9.3";
			developmentRegion = en;
			hasScannedForEncodings = 0;
			knownRegions = (
				en,
				Base,
			);
			mainGroup = BDDA5930234F07280040AE08;
			productRefGroup = BDDA593A234F07280040AE08 /* Products */;
			projectDirPath = "";
			projectRoot = "";
			targets = (
				BDDA5938234F07280040AE08 /* 20191010-001 */,
			);
		};
/* End PBXProject section */

/* Begin PBXResourcesBuildPhase section */
		BDDA5937234F07280040AE08 /* Resources */ = {
			isa = PBXResourcesBuildPhase;
			buildActionMask = 2147483647;
			files = (
				BDDA5949234F072F0040AE08 /* LaunchScreen.storyboard in Resources */,
				BDDA5946234F072F0040AE08 /* Assets.xcassets in Resources */,
				BDDA5944234F07280040AE08 /* Main.storyboard in Resources */,
			);
			runOnlyForDeploymentPostprocessing = 0;
		};
/* End PBXResourcesBuildPhase section */

/* Begin PBXShellScriptBuildPhase section */
		9734E60836C6E54BF70790CC /* [CP] Embed Pods Frameworks */ = {
			isa = PBXShellScriptBuildPhase;
			buildActionMask = 2147483647;
			files = (
			);
			inputFileListPaths = (
				"${PODS_ROOT}/Target Support Files/Pods-20191010-001/Pods-20191010-001-frameworks-${CONFIGURATION}-input-files.xcfilelist",
			);
			name = "[CP] Embed Pods Frameworks";
			outputFileListPaths = (
				"${PODS_ROOT}/Target Support Files/Pods-20191010-001/Pods-20191010-001-frameworks-${CONFIGURATION}-output-files.xcfilelist",
			);
			runOnlyForDeploymentPostprocessing = 0;
			shellPath = /bin/sh;
			shellScript = "\"${PODS_ROOT}/Target Support Files/Pods-20191010-001/Pods-20191010-001-frameworks.sh\"\n";
			showEnvVarsInLog = 0;
		};
		B8E6B8907C03262969DC0162 /* [CP] Check Pods Manifest.lock */ = {
			isa = PBXShellScriptBuildPhase;
			buildActionMask = 2147483647;
			files = (
			);
			inputFileListPaths = (
			);
			inputPaths = (
				"${PODS_PODFILE_DIR_PATH}/Podfile.lock",
				"${PODS_ROOT}/Manifest.lock",
			);
			name = "[CP] Check Pods Manifest.lock";
			outputFileListPaths = (
			);
			outputPaths = (
				"$(DERIVED_FILE_DIR)/Pods-20191010-001-checkManifestLockResult.txt",
			);
			runOnlyForDeploymentPostprocessing = 0;
			shellPath = /bin/sh;
			shellScript = "diff \"${PODS_PODFILE_DIR_PATH}/Podfile.lock\" \"${PODS_ROOT}/Manifest.lock\" > /dev/null\nif [ $? != 0 ] ; then\n    # print error to STDERR\n    echo \"error: The sandbox is not in sync with the Podfile.lock. Run 'pod install' or update your CocoaPods installation.\" >&2\n    exit 1\nfi\n# This output is used by Xcode 'outputs' to avoid re-running this script phase.\necho \"SUCCESS\" > \"${SCRIPT_OUTPUT_FILE_0}\"\n";
			showEnvVarsInLog = 0;
		};
		FC4E38F88DEDF2C023B56EB2 /* [CP-User] Run Flutter Build Script */ = {
			isa = PBXShellScriptBuildPhase;
			buildActionMask = 2147483647;
			files = (
			);
			inputPaths = (
				"${SRCROOT}/../.metadata",
				"${SRCROOT}/../.ios/Flutter/App.framework/App",
				"${SRCROOT}/../.ios/Flutter/engine/Flutter.framework/Flutter",
				"${SRCROOT}/../.ios/Flutter/flutter_export_environment.sh",
			);
			name = "[CP-User] Run Flutter Build Script";
			runOnlyForDeploymentPostprocessing = 0;
			shellPath = /bin/sh;
			shellScript = "set -e\nset -u\nsource \"${SRCROOT}/../.ios/Flutter/flutter_export_environment.sh\"\n\"$FLUTTER_ROOT\"/packages/flutter_tools/bin/xcode_backend.sh build";
		};
/* End PBXShellScriptBuildPhase section */

/* Begin PBXSourcesBuildPhase section */
		BDDA5935234F07280040AE08 /* Sources */ = {
			isa = PBXSourcesBuildPhase;
			buildActionMask = 2147483647;
			files = (
				BDDA5941234F07280040AE08 /* ViewController.swift in Sources */,
				BDDA593D234F07280040AE08 /* AppDelegate.swift in Sources */,
				BDDA593F234F07280040AE08 /* SceneDelegate.swift in Sources */,
				BDB6E7992350589700C95C75 /* WebViewController.swift in Sources */,
			);
			runOnlyForDeploymentPostprocessing = 0;
		};
/* End PBXSourcesBuildPhase section */

/* Begin PBXVariantGroup section */
		BDDA5942234F07280040AE08 /* Main.storyboard */ = {
			isa = PBXVariantGroup;
			children = (
				BDDA5943234F07280040AE08 /* Base */,
			);
			name = Main.storyboard;
			sourceTree = "<group>";
		};
		BDDA5947234F072F0040AE08 /* LaunchScreen.storyboard */ = {
			isa = PBXVariantGroup;
			children = (
				BDDA5948234F072F0040AE08 /* Base */,
			);
			name = LaunchScreen.storyboard;
			sourceTree = "<group>";
		};
/* End PBXVariantGroup section */

/* Begin XCBuildConfiguration section */
		BDDA594B234F072F0040AE08 /* Debug */ = {
			isa = XCBuildConfiguration;
			buildSettings = {
				ALWAYS_SEARCH_USER_PATHS = NO;
				CLANG_ANALYZER_NONNULL = YES;
				CLANG_ANALYZER_NUMBER_OBJECT_CONVERSION = YES_AGGRESSIVE;
				CLANG_CXX_LANGUAGE_STANDARD = "gnu++14";
				CLANG_CXX_LIBRARY = "libc++";
				CLANG_ENABLE_MODULES = YES;
				CLANG_ENABLE_OBJC_ARC = YES;
				CLANG_ENABLE_OBJC_WEAK = YES;
				CLANG_WARN_BLOCK_CAPTURE_AUTORELEASING = YES;
				CLANG_WARN_BOOL_CONVERSION = YES;
				CLANG_WARN_COMMA = YES;
				CLANG_WARN_CONSTANT_CONVERSION = YES;
				CLANG_WARN_DEPRECATED_OBJC_IMPLEMENTATIONS = YES;
				CLANG_WARN_DIRECT_OBJC_ISA_USAGE = YES_ERROR;
				CLANG_WARN_DOCUMENTATION_COMMENTS = YES;
				CLANG_WARN_EMPTY_BODY = YES;
				CLANG_WARN_ENUM_CONVERSION = YES;
				CLANG_WARN_INFINITE_RECURSION = YES;
				CLANG_WARN_INT_CONVERSION = YES;
				CLANG_WARN_NON_LITERAL_NULL_CONVERSION = YES;
				CLANG_WARN_OBJC_IMPLICIT_RETAIN_SELF = YES;
				CLANG_WARN_OBJC_LITERAL_CONVERSION = YES;
				CLANG_WARN_OBJC_ROOT_CLASS = YES_ERROR;
				CLANG_WARN_RANGE_LOOP_ANALYSIS = YES;
				CLANG_WARN_STRICT_PROTOTYPES = YES;
				CLANG_WARN_SUSPICIOUS_MOVE = YES;
				CLANG_WARN_UNGUARDED_AVAILABILITY = YES_AGGRESSIVE;
				CLANG_WARN_UNREACHABLE_CODE = YES;
				CLANG_WARN__DUPLICATE_METHOD_MATCH = YES;
				COPY_PHASE_STRIP = NO;
				DEBUG_INFORMATION_FORMAT = dwarf;
				ENABLE_STRICT_OBJC_MSGSEND = YES;
				ENABLE_TESTABILITY = YES;
				GCC_C_LANGUAGE_STANDARD = gnu11;
				GCC_DYNAMIC_NO_PIC = NO;
				GCC_NO_COMMON_BLOCKS = YES;
				GCC_OPTIMIZATION_LEVEL = 0;
				GCC_PREPROCESSOR_DEFINITIONS = (
					"DEBUG=1",
					"$(inherited)",
				);
				GCC_WARN_64_TO_32_BIT_CONVERSION = YES;
				GCC_WARN_ABOUT_RETURN_TYPE = YES_ERROR;
				GCC_WARN_UNDECLARED_SELECTOR = YES;
				GCC_WARN_UNINITIALIZED_AUTOS = YES_AGGRESSIVE;
				GCC_WARN_UNUSED_FUNCTION = YES;
				GCC_WARN_UNUSED_VARIABLE = YES;
				IPHONEOS_DEPLOYMENT_TARGET = 13.1;
				MTL_ENABLE_DEBUG_INFO = INCLUDE_SOURCE;
				MTL_FAST_MATH = YES;
				ONLY_ACTIVE_ARCH = YES;
				SDKROOT = iphoneos;
				SWIFT_ACTIVE_COMPILATION_CONDITIONS = DEBUG;
				SWIFT_OPTIMIZATION_LEVEL = "-Onone";
			};
			name = Debug;
		};
		BDDA594C234F072F0040AE08 /* Release */ = {
			isa = XCBuildConfiguration;
			buildSettings = {
				ALWAYS_SEARCH_USER_PATHS = NO;
				CLANG_ANALYZER_NONNULL = YES;
				CLANG_ANALYZER_NUMBER_OBJECT_CONVERSION = YES_AGGRESSIVE;
				CLANG_CXX_LANGUAGE_STANDARD = "gnu++14";
				CLANG_CXX_LIBRARY = "libc++";
				CLANG_ENABLE_MODULES = YES;
				CLANG_ENABLE_OBJC_ARC = YES;
				CLANG_ENABLE_OBJC_WEAK = YES;
				CLANG_WARN_BLOCK_CAPTURE_AUTORELEASING = YES;
				CLANG_WARN_BOOL_CONVERSION = YES;
				CLANG_WARN_COMMA = YES;
				CLANG_WARN_CONSTANT_CONVERSION = YES;
				CLANG_WARN_DEPRECATED_OBJC_IMPLEMENTATIONS = YES;
				CLANG_WARN_DIRECT_OBJC_ISA_USAGE = YES_ERROR;
				CLANG_WARN_DOCUMENTATION_COMMENTS = YES;
				CLANG_WARN_EMPTY_BODY = YES;
				CLANG_WARN_ENUM_CONVERSION = YES;
				CLANG_WARN_INFINITE_RECURSION = YES;
				CLANG_WARN_INT_CONVERSION = YES;
				CLANG_WARN_NON_LITERAL_NULL_CONVERSION = YES;
				CLANG_WARN_OBJC_IMPLICIT_RETAIN_SELF = YES;
				CLANG_WARN_OBJC_LITERAL_CONVERSION = YES;
				CLANG_WARN_OBJC_ROOT_CLASS = YES_ERROR;
				CLANG_WARN_RANGE_LOOP_ANALYSIS = YES;
				CLANG_WARN_STRICT_PROTOTYPES = YES;
				CLANG_WARN_SUSPICIOUS_MOVE = YES;
				CLANG_WARN_UNGUARDED_AVAILABILITY = YES_AGGRESSIVE;
				CLANG_WARN_UNREACHABLE_CODE = YES;
				CLANG_WARN__DUPLICATE_METHOD_MATCH = YES;
				COPY_PHASE_STRIP = NO;
				DEBUG_INFORMATION_FORMAT = "dwarf-with-dsym";
				ENABLE_NS_ASSERTIONS = NO;
				ENABLE_STRICT_OBJC_MSGSEND = YES;
				GCC_C_LANGUAGE_STANDARD = gnu11;
				GCC_NO_COMMON_BLOCKS = YES;
				GCC_WARN_64_TO_32_BIT_CONVERSION = YES;
				GCC_WARN_ABOUT_RETURN_TYPE = YES_ERROR;
				GCC_WARN_UNDECLARED_SELECTOR = YES;
				GCC_WARN_UNINITIALIZED_AUTOS = YES_AGGRESSIVE;
				GCC_WARN_UNUSED_FUNCTION = YES;
				GCC_WARN_UNUSED_VARIABLE = YES;
				IPHONEOS_DEPLOYMENT_TARGET = 13.1;
				MTL_ENABLE_DEBUG_INFO = NO;
				MTL_FAST_MATH = YES;
				SDKROOT = iphoneos;
				SWIFT_COMPILATION_MODE = wholemodule;
				SWIFT_OPTIMIZATION_LEVEL = "-O";
				VALIDATE_PRODUCT = YES;
			};
			name = Release;
		};
		BDDA594E234F072F0040AE08 /* Debug */ = {
			isa = XCBuildConfiguration;
			baseConfigurationReference = B2D34CAF22E13E90248068DF /* Pods-20191010-001.debug.xcconfig */;
			buildSettings = {
				ASSETCATALOG_COMPILER_APPICON_NAME = AppIcon;
				CODE_SIGN_STYLE = Automatic;
				DEVELOPMENT_TEAM = 2LVRMBQF58;
				INFOPLIST_FILE = "20191010-001/Info.plist";
				LD_RUNPATH_SEARCH_PATHS = (
					"$(inherited)",
					"@executable_path/Frameworks",
				);
				PRODUCT_BUNDLE_IDENTIFIER = "com.dongouc.www.-0191010-001";
				PRODUCT_NAME = "$(TARGET_NAME)";
				SWIFT_VERSION = 5.0;
				TARGETED_DEVICE_FAMILY = "1,2";
			};
			name = Debug;
		};
		BDDA594F234F072F0040AE08 /* Release */ = {
			isa = XCBuildConfiguration;
			baseConfigurationReference = 151DC1F596D8BA06562AFADA /* Pods-20191010-001.release.xcconfig */;
			buildSettings = {
				ASSETCATALOG_COMPILER_APPICON_NAME = AppIcon;
				CODE_SIGN_STYLE = Automatic;
				DEVELOPMENT_TEAM = 2LVRMBQF58;
				INFOPLIST_FILE = "20191010-001/Info.plist";
				LD_RUNPATH_SEARCH_PATHS = (
					"$(inherited)",
					"@executable_path/Frameworks",
				);
				PRODUCT_BUNDLE_IDENTIFIER = "com.dongouc.www.-0191010-001";
				PRODUCT_NAME = "$(TARGET_NAME)";
				SWIFT_VERSION = 5.0;
				TARGETED_DEVICE_FAMILY = "1,2";
			};
			name = Release;
		};
/* End XCBuildConfiguration section */

/* Begin XCConfigurationList section */
		BDDA5934234F07280040AE08 /* Build configuration list for PBXProject "20191010-001" */ = {
			isa = XCConfigurationList;
			buildConfigurations = (
				BDDA594B234F072F0040AE08 /* Debug */,
				BDDA594C234F072F0040AE08 /* Release */,
			);
			defaultConfigurationIsVisible = 0;
			defaultConfigurationName = Release;
		};
		BDDA594D234F072F0040AE08 /* Build configuration list for PBXNativeTarget "20191010-001" */ = {
			isa = XCConfigurationList;
			buildConfigurations = (
				BDDA594E234F072F0040AE08 /* Debug */,
				BDDA594F234F072F0040AE08 /* Release */,
			);
			defaultConfigurationIsVisible = 0;
			defaultConfigurationName = Release;
		};
/* End XCConfigurationList section */
	};
	rootObject = BDDA5931234F07280040AE08 /* Project object */;
}
