// !$*UTF8*$!
{
	archiveVersion = 1;
	classes = {
	};
	objectVersion = 50;
	objects = {

/* Begin PBXBuildFile section */
		BDF7609323544D67001D998B /* AppDelegate.m in Sources */ = {isa = PBXBuildFile; fileRef = BDF7609223544D67001D998B /* AppDelegate.m */; };
		BDF7609623544D67001D998B /* SceneDelegate.m in Sources */ = {isa = PBXBuildFile; fileRef = BDF7609523544D67001D998B /* SceneDelegate.m */; };
		BDF7609923544D67001D998B /* ViewController.m in Sources */ = {isa = PBXBuildFile; fileRef = BDF7609823544D67001D998B /* ViewController.m */; };
		BDF7609C23544D67001D998B /* Main.storyboard in Resources */ = {isa = PBXBuildFile; fileRef = BDF7609A23544D67001D998B /* Main.storyboard */; };
		BDF7609E23544D6A001D998B /* Assets.xcassets in Resources */ = {isa = PBXBuildFile; fileRef = BDF7609D23544D6A001D998B /* Assets.xcassets */; };
		BDF760A123544D6A001D998B /* LaunchScreen.storyboard in Resources */ = {isa = PBXBuildFile; fileRef = BDF7609F23544D6A001D998B /* LaunchScreen.storyboard */; };
		BDF760A423544D6A001D998B /* main.m in Sources */ = {isa = PBXBuildFile; fileRef = BDF760A323544D6A001D998B /* main.m */; };
/* End PBXBuildFile section */

/* Begin PBXFileReference section */
		BDF7608E23544D67001D998B /* test-20191014.app */ = {isa = PBXFileReference; explicitFileType = wrapper.application; includeInIndex = 0; path = "test-20191014.app"; sourceTree = BUILT_PRODUCTS_DIR; };
		BDF7609123544D67001D998B /* AppDelegate.h */ = {isa = PBXFileReference; lastKnownFileType = sourcecode.c.h; path = AppDelegate.h; sourceTree = "<group>"; };
		BDF7609223544D67001D998B /* AppDelegate.m */ = {isa = PBXFileReference; lastKnownFileType = sourcecode.c.objc; path = AppDelegate.m; sourceTree = "<group>"; };
		BDF7609423544D67001D998B /* SceneDelegate.h */ = {isa = PBXFileReference; lastKnownFileType = sourcecode.c.h; path = SceneDelegate.h; sourceTree = "<group>"; };
		BDF7609523544D67001D998B /* SceneDelegate.m */ = {isa = PBXFileReference; lastKnownFileType = sourcecode.c.objc; path = SceneDelegate.m; sourceTree = "<group>"; };
		BDF7609723544D67001D998B /* ViewController.h */ = {isa = PBXFileReference; lastKnownFileType = sourcecode.c.h; path = ViewController.h; sourceTree = "<group>"; };
		BDF7609823544D67001D998B /* ViewController.m */ = {isa = PBXFileReference; lastKnownFileType = sourcecode.c.objc; path = ViewController.m; sourceTree = "<group>"; };
		BDF7609B23544D67001D998B /* Base */ = {isa = PBXFileReference; lastKnownFileType = file.storyboard; name = Base; path = Base.lproj/Main.storyboard; sourceTree = "<group>"; };
		BDF7609D23544D6A001D998B /* Assets.xcassets */ = {isa = PBXFileReference; lastKnownFileType = folder.assetcatalog; path = Assets.xcassets; sourceTree = "<group>"; };
		BDF760A023544D6A001D998B /* Base */ = {isa = PBXFileReference; lastKnownFileType = file.storyboard; name = Base; path = Base.lproj/LaunchScreen.storyboard; sourceTree = "<group>"; };
		BDF760A223544D6A001D998B /* Info.plist */ = {isa = PBXFileReference; lastKnownFileType = text.plist.xml; path = Info.plist; sourceTree = "<group>"; };
		BDF760A323544D6A001D998B /* main.m */ = {isa = PBXFileReference; lastKnownFileType = sourcecode.c.objc; path = main.m; sourceTree = "<group>"; };
/* End PBXFileReference section */

/* Begin PBXFrameworksBuildPhase section */
		BDF7608B23544D67001D998B /* Frameworks */ = {
			isa = PBXFrameworksBuildPhase;
			buildActionMask = 2147483647;
			files = (
			);
			runOnlyForDeploymentPostprocessing = 0;
		};
/* End PBXFrameworksBuildPhase section */

/* Begin PBXGroup section */
		BDF7608523544D67001D998B = {
			isa = PBXGroup;
			children = (
				BDF7609023544D67001D998B /* test-20191014 */,
				BDF7608F23544D67001D998B /* Products */,
			);
			sourceTree = "<group>";
		};
		BDF7608F23544D67001D998B /* Products */ = {
			isa = PBXGroup;
			children = (
				BDF7608E23544D67001D998B /* test-20191014.app */,
			);
			name = Products;
			sourceTree = "<group>";
		};
		BDF7609023544D67001D998B /* test-20191014 */ = {
			isa = PBXGroup;
			children = (
				BDF7609123544D67001D998B /* AppDelegate.h */,
				BDF7609223544D67001D998B /* AppDelegate.m */,
				BDF7609423544D67001D998B /* SceneDelegate.h */,
				BDF7609523544D67001D998B /* SceneDelegate.m */,
				BDF7609723544D67001D998B /* ViewController.h */,
				BDF7609823544D67001D998B /* ViewController.m */,
				BDF7609A23544D67001D998B /* Main.storyboard */,
				BDF7609D23544D6A001D998B /* Assets.xcassets */,
				BDF7609F23544D6A001D998B /* LaunchScreen.storyboard */,
				BDF760A223544D6A001D998B /* Info.plist */,
				BDF760A323544D6A001D998B /* main.m */,
			);
			path = "test-20191014";
			sourceTree = "<group>";
		};
/* End PBXGroup section */

/* Begin PBXNativeTarget section */
		BDF7608D23544D67001D998B /* test-20191014 */ = {
			isa = PBXNativeTarget;
			buildConfigurationList = BDF760A723544D6A001D998B /* Build configuration list for PBXNativeTarget "test-20191014" */;
			buildPhases = (
				BDF7608A23544D67001D998B /* Sources */,
				BDF7608B23544D67001D998B /* Frameworks */,
				BDF7608C23544D67001D998B /* Resources */,
			);
			buildRules = (
			);
			dependencies = (
			);
			name = "test-20191014";
			productName = "test-20191014";
			productReference = BDF7608E23544D67001D998B /* test-20191014.app */;
			productType = "com.apple.product-type.application";
		};
/* End PBXNativeTarget section */

/* Begin PBXProject section */
		BDF7608623544D67001D998B /* Project object */ = {
			isa = PBXProject;
			attributes = {
				LastUpgradeCheck = 1110;
				ORGANIZATIONNAME = dongouc;
				TargetAttributes = {
					BDF7608D23544D67001D998B = {
						CreatedOnToolsVersion = 11.1;
					};
				};
			};
			buildConfigurationList = BDF7608923544D67001D998B /* Build configuration list for PBXProject "test-20191014" */;
			compatibilityVersion = "Xcode 9.3";
			developmentRegion = en;
			hasScannedForEncodings = 0;
			knownRegions = (
				en,
				Base,
			);
			mainGroup = BDF7608523544D67001D998B;
			productRefGroup = BDF7608F23544D67001D998B /* Products */;
			projectDirPath = "";
			projectRoot = "";
			targets = (
				BDF7608D23544D67001D998B /* test-20191014 */,
			);
		};
/* End PBXProject section */

/* Begin PBXResourcesBuildPhase section */
		BDF7608C23544D67001D998B /* Resources */ = {
			isa = PBXResourcesBuildPhase;
			buildActionMask = 2147483647;
			files = (
				BDF760A123544D6A001D998B /* LaunchScreen.storyboard in Resources */,
				BDF7609E23544D6A001D998B /* Assets.xcassets in Resources */,
				BDF7609C23544D67001D998B /* Main.storyboard in Resources */,
			);
			runOnlyForDeploymentPostprocessing = 0;
		};
/* End PBXResourcesBuildPhase section */

/* Begin PBXSourcesBuildPhase section */
		BDF7608A23544D67001D998B /* Sources */ = {
			isa = PBXSourcesBuildPhase;
			buildActionMask = 2147483647;
			files = (
				BDF7609923544D67001D998B /* ViewController.m in Sources */,
				BDF7609323544D67001D998B /* AppDelegate.m in Sources */,
				BDF760A423544D6A001D998B /* main.m in Sources */,
				BDF7609623544D67001D998B /* SceneDelegate.m in Sources */,
			);
			runOnlyForDeploymentPostprocessing = 0;
		};
/* End PBXSourcesBuildPhase section */

/* Begin PBXVariantGroup section */
		BDF7609A23544D67001D998B /* Main.storyboard */ = {
			isa = PBXVariantGroup;
			children = (
				BDF7609B23544D67001D998B /* Base */,
			);
			name = Main.storyboard;
			sourceTree = "<group>";
		};
		BDF7609F23544D6A001D998B /* LaunchScreen.storyboard */ = {
			isa = PBXVariantGroup;
			children = (
				BDF760A023544D6A001D998B /* Base */,
			);
			name = LaunchScreen.storyboard;
			sourceTree = "<group>";
		};
/* End PBXVariantGroup section */

/* Begin XCBuildConfiguration section */
		BDF760A523544D6A001D998B /* Debug */ = {
			isa = XCBuildConfiguration;
			buildSettings = {
				ALWAYS_SEARCH_USER_PATHS = NO;
				CLANG_ANALYZER_NONNULL = YES;
				CLANG_ANALYZER_NUMBER_OBJECT_CONVERSION = YES_AGGRESSIVE;
				CLANG_CXX_LANGUAGE_STANDARD = "gnu++14";
				CLANG_CXX_LIBRARY = "libc++";
				CLANG_ENABLE_MODULES = YES;
				CLANG_ENABLE_OBJC_ARC = YES;
				CLANG_ENABLE_OBJC_WEAK = YES;
				CLANG_WARN_BLOCK_CAPTURE_AUTORELEASING = YES;
				CLANG_WARN_BOOL_CONVERSION = YES;
				CLANG_WARN_COMMA = YES;
				CLANG_WARN_CONSTANT_CONVERSION = YES;
				CLANG_WARN_DEPRECATED_OBJC_IMPLEMENTATIONS = YES;
				CLANG_WARN_DIRECT_OBJC_ISA_USAGE = YES_ERROR;
				CLANG_WARN_DOCUMENTATION_COMMENTS = YES;
				CLANG_WARN_EMPTY_BODY = YES;
				CLANG_WARN_ENUM_CONVERSION = YES;
				CLANG_WARN_INFINITE_RECURSION = YES;
				CLANG_WARN_INT_CONVERSION = YES;
				CLANG_WARN_NON_LITERAL_NULL_CONVERSION = YES;
				CLANG_WARN_OBJC_IMPLICIT_RETAIN_SELF = YES;
				CLANG_WARN_OBJC_LITERAL_CONVERSION = YES;
				CLANG_WARN_OBJC_ROOT_CLASS = YES_ERROR;
				CLANG_WARN_RANGE_LOOP_ANALYSIS = YES;
				CLANG_WARN_STRICT_PROTOTYPES = YES;
				CLANG_WARN_SUSPICIOUS_MOVE = YES;
				CLANG_WARN_UNGUARDED_AVAILABILITY = YES_AGGRESSIVE;
				CLANG_WARN_UNREACHABLE_CODE = YES;
				CLANG_WARN__DUPLICATE_METHOD_MATCH = YES;
				COPY_PHASE_STRIP = NO;
				DEBUG_INFORMATION_FORMAT = dwarf;
				ENABLE_STRICT_OBJC_MSGSEND = YES;
				ENABLE_TESTABILITY = YES;
				GCC_C_LANGUAGE_STANDARD = gnu11;
				GCC_DYNAMIC_NO_PIC = NO;
				GCC_NO_COMMON_BLOCKS = YES;
				GCC_OPTIMIZATION_LEVEL = 0;
				GCC_PREPROCESSOR_DEFINITIONS = (
					"DEBUG=1",
					"$(inherited)",
				);
				GCC_WARN_64_TO_32_BIT_CONVERSION = YES;
				GCC_WARN_ABOUT_RETURN_TYPE = YES_ERROR;
				GCC_WARN_UNDECLARED_SELECTOR = YES;
				GCC_WARN_UNINITIALIZED_AUTOS = YES_AGGRESSIVE;
				GCC_WARN_UNUSED_FUNCTION = YES;
				GCC_WARN_UNUSED_VARIABLE = YES;
				IPHONEOS_DEPLOYMENT_TARGET = 13.1;
				MTL_ENABLE_DEBUG_INFO = INCLUDE_SOURCE;
				MTL_FAST_MATH = YES;
				ONLY_ACTIVE_ARCH = YES;
				SDKROOT = iphoneos;
			};
			name = Debug;
		};
		BDF760A623544D6A001D998B /* Release */ = {
			isa = XCBuildConfiguration;
			buildSettings = {
				ALWAYS_SEARCH_USER_PATHS = NO;
				CLANG_ANALYZER_NONNULL = YES;
				CLANG_ANALYZER_NUMBER_OBJECT_CONVERSION = YES_AGGRESSIVE;
				CLANG_CXX_LANGUAGE_STANDARD = "gnu++14";
				CLANG_CXX_LIBRARY = "libc++";
				CLANG_ENABLE_MODULES = YES;
				CLANG_ENABLE_OBJC_ARC = YES;
				CLANG_ENABLE_OBJC_WEAK = YES;
				CLANG_WARN_BLOCK_CAPTURE_AUTORELEASING = YES;
				CLANG_WARN_BOOL_CONVERSION = YES;
				CLANG_WARN_COMMA = YES;
				CLANG_WARN_CONSTANT_CONVERSION = YES;
				CLANG_WARN_DEPRECATED_OBJC_IMPLEMENTATIONS = YES;
				CLANG_WARN_DIRECT_OBJC_ISA_USAGE = YES_ERROR;
				CLANG_WARN_DOCUMENTATION_COMMENTS = YES;
				CLANG_WARN_EMPTY_BODY = YES;
				CLANG_WARN_ENUM_CONVERSION = YES;
				CLANG_WARN_INFINITE_RECURSION = YES;
				CLANG_WARN_INT_CONVERSION = YES;
				CLANG_WARN_NON_LITERAL_NULL_CONVERSION = YES;
				CLANG_WARN_OBJC_IMPLICIT_RETAIN_SELF = YES;
				CLANG_WARN_OBJC_LITERAL_CONVERSION = YES;
				CLANG_WARN_OBJC_ROOT_CLASS = YES_ERROR;
				CLANG_WARN_RANGE_LOOP_ANALYSIS = YES;
				CLANG_WARN_STRICT_PROTOTYPES = YES;
				CLANG_WARN_SUSPICIOUS_MOVE = YES;
				CLANG_WARN_UNGUARDED_AVAILABILITY = YES_AGGRESSIVE;
				CLANG_WARN_UNREACHABLE_CODE = YES;
				CLANG_WARN__DUPLICATE_METHOD_MATCH = YES;
				COPY_PHASE_STRIP = NO;
				DEBUG_INFORMATION_FORMAT = "dwarf-with-dsym";
				ENABLE_NS_ASSERTIONS = NO;
				ENABLE_STRICT_OBJC_MSGSEND = YES;
				GCC_C_LANGUAGE_STANDARD = gnu11;
				GCC_NO_COMMON_BLOCKS = YES;
				GCC_WARN_64_TO_32_BIT_CONVERSION = YES;
				GCC_WARN_ABOUT_RETURN_TYPE = YES_ERROR;
				GCC_WARN_UNDECLARED_SELECTOR = YES;
				GCC_WARN_UNINITIALIZED_AUTOS = YES_AGGRESSIVE;
				GCC_WARN_UNUSED_FUNCTION = YES;
				GCC_WARN_UNUSED_VARIABLE = YES;
				IPHONEOS_DEPLOYMENT_TARGET = 13.1;
				MTL_ENABLE_DEBUG_INFO = NO;
				MTL_FAST_MATH = YES;
				SDKROOT = iphoneos;
				VALIDATE_PRODUCT = YES;
			};
			name = Release;
		};
		BDF760A823544D6A001D998B /* Debug */ = {
			isa = XCBuildConfiguration;
			buildSettings = {
				ASSETCATALOG_COMPILER_APPICON_NAME = AppIcon;
				CODE_SIGN_STYLE = Automatic;
				DEVELOPMENT_TEAM = 2LVRMBQF58;
				INFOPLIST_FILE = "test-20191014/Info.plist";
				LD_RUNPATH_SEARCH_PATHS = (
					"$(inherited)",
					"@executable_path/Frameworks",
				);
				PRODUCT_BUNDLE_IDENTIFIER = "com.dongouc.www.test-20191014";
				PRODUCT_NAME = "$(TARGET_NAME)";
				TARGETED_DEVICE_FAMILY = "1,2";
			};
			name = Debug;
		};
		BDF760A923544D6A001D998B /* Release */ = {
			isa = XCBuildConfiguration;
			buildSettings = {
				ASSETCATALOG_COMPILER_APPICON_NAME = AppIcon;
				CODE_SIGN_STYLE = Automatic;
				DEVELOPMENT_TEAM = 2LVRMBQF58;
				INFOPLIST_FILE = "test-20191014/Info.plist";
				LD_RUNPATH_SEARCH_PATHS = (
					"$(inherited)",
					"@executable_path/Frameworks",
				);
				PRODUCT_BUNDLE_IDENTIFIER = "com.dongouc.www.test-20191014";
				PRODUCT_NAME = "$(TARGET_NAME)";
				TARGETED_DEVICE_FAMILY = "1,2";
			};
			name = Release;
		};
/* End XCBuildConfiguration section */

/* Begin XCConfigurationList section */
		BDF7608923544D67001D998B /* Build configuration list for PBXProject "test-20191014" */ = {
			isa = XCConfigurationList;
			buildConfigurations = (
				BDF760A523544D6A001D998B /* Debug */,
				BDF760A623544D6A001D998B /* Release */,
			);
			defaultConfigurationIsVisible = 0;
			defaultConfigurationName = Release;
		};
		BDF760A723544D6A001D998B /* Build configuration list for PBXNativeTarget "test-20191014" */ = {
			isa = XCConfigurationList;
			buildConfigurations = (
				BDF760A823544D6A001D998B /* Debug */,
				BDF760A923544D6A001D998B /* Release */,
			);
			defaultConfigurationIsVisible = 0;
			defaultConfigurationName = Release;
		};
/* End XCConfigurationList section */
	};
	rootObject = BDF7608623544D67001D998B /* Project object */;
}
